
Microsoft Visual Studio Solution File, Format Version 12.00
# Visual Studio 15
VisualStudioVersion = 15.0.27428.1
MinimumVisualStudioVersion = 10.0.40219.1
Project("{9A19103F-16F7-4668-BE54-9A1E7A4F7556}") = "Todo", "Todo\Todo.csproj", "{2CC4E78C-6881-41D0-AAD7-22F363905F0C}"
EndProject
Global
	GlobalSection(SolutionConfigurationPlatforms) = preSolution
		Debug|Any CPU = Debug|Any CPU
		Release|Any CPU = Release|Any CPU
	EndGlobalSection
	GlobalSection(ProjectConfigurationPlatforms) = postSolution
		{2CC4E78C-6881-41D0-AAD7-22F363905F0C}.Debug|Any CPU.ActiveCfg = Debug|Any CPU
		{2CC4E78C-6881-41D0-AAD7-22F363905F0C}.Debug|Any CPU.Build.0 = Debug|Any CPU
		{2CC4E78C-6881-41D0-AAD7-22F363905F0C}.Release|Any CPU.ActiveCfg = Release|Any CPU
		{2CC4E78C-6881-41D0-AAD7-22F363905F0C}.Release|Any CPU.Build.0 = Release|Any CPU
	EndGlobalSection
	GlobalSection(SolutionProperties) = preSolution
		HideSolutionNode = FALSE
	EndGlobalSection
	GlobalSection(ExtensibilityGlobals) = postSolution
		SolutionGuid = {8D30B70C-09A5-4D2D-8C0E-960CA0B75BC4}
	EndGlobalSection
EndGlobal
